
Microsoft Visual Studio Solution File, Format Version 11.00
# Visual Studio 2010
Project("{FAE04EC0-301F-11D3-BF4B-00C04F79EFBC}") = "WorkflowServiceTrackingViewer", "WorkflowServiceTrackingViewer\WorkflowServiceTrackingViewer.csproj", "{1891801D-27FC-42B0-B3E4-B4BC7A5400F0}"
EndProject
Project("{FAE04EC0-301F-11D3-BF4B-00C04F79EFBC}") = "TestWorkflow", "..\test\TestWorkflow\TestWorkflow.csproj", "{660032AB-55BD-4716-87AF-37E976D94799}"
EndProject
Global
	GlobalSection(SolutionConfigurationPlatforms) = preSolution
		Debug|Any CPU = Debug|Any CPU
		Release|Any CPU = Release|Any CPU
	EndGlobalSection
	GlobalSection(ProjectConfigurationPlatforms) = postSolution
		{1891801D-27FC-42B0-B3E4-B4BC7A5400F0}.Debug|Any CPU.ActiveCfg = Debug|Any CPU
		{1891801D-27FC-42B0-B3E4-B4BC7A5400F0}.Debug|Any CPU.Build.0 = Debug|Any CPU
		{1891801D-27FC-42B0-B3E4-B4BC7A5400F0}.Release|Any CPU.ActiveCfg = Release|Any CPU
		{1891801D-27FC-42B0-B3E4-B4BC7A5400F0}.Release|Any CPU.Build.0 = Release|Any CPU
		{660032AB-55BD-4716-87AF-37E976D94799}.Debug|Any CPU.ActiveCfg = Debug|Any CPU
		{660032AB-55BD-4716-87AF-37E976D94799}.Debug|Any CPU.Build.0 = Debug|Any CPU
		{660032AB-55BD-4716-87AF-37E976D94799}.Release|Any CPU.ActiveCfg = Release|Any CPU
		{660032AB-55BD-4716-87AF-37E976D94799}.Release|Any CPU.Build.0 = Release|Any CPU
	EndGlobalSection
	GlobalSection(SolutionProperties) = preSolution
		HideSolutionNode = FALSE
	EndGlobalSection
EndGlobal
